{
  "name": "StarchyMoodboards",
  "lockfileVersion": 3,
  "requires": true,
  "packages": {
    "": {
      "dependencies": {
        "firebase": "^10.13.0"
      }
    },
    "node_modules/@fastify/busboy": {
      "version": "2.1.1",
      "license": "MIT",
      "engines": {
        "node": ">=14"
      }
    },
    "node_modules/@firebase/analytics": {
      "version": "0.10.7",
      "license": "Apache-2.0",
      "dependencies": {
        "@firebase/component": "0.6.8",
        "@firebase/installations": "0.6.8",
        "@firebase/logger": "0.4.2",
        "@firebase/util": "1.9.7",
        "tslib": "^2.1.0"
      },
      "peerDependencies": {
        "@firebase/app": "0.x"
      }
    },
    "node_modules/@firebase/analytics-compat": {
      "version": "0.2.13",
      "license": "Apache-2.0",
      "dependencies": {
        "@firebase/analytics": "0.10.7",
        "@firebase/analytics-types": "0.8.2",
        "@firebase/component": "0.6.8",
        "@firebase/util": "1.9.7",
        "tslib": "^2.1.0"
      },
      "peerDependencies": {
        "@firebase/app-compat": "0.x"
      }
    },
    "node_modules/@firebase/analytics-types": {
      "version": "0.8.2",
      "license": "Apache-2.0"
    },
    "node_modules/@firebase/app": {
      "version": "0.10.9",
      "license": "Apache-2.0",
      "dependencies": {
        "@firebase/component": "0.6.8",
        "@firebase/logger": "0.4.2",
        "@firebase/util": "1.9.7",
        "idb": "7.1.1",
        "tslib": "^2.1.0"
      }
    },
    "node_modules/@firebase/app-check": {
      "version": "0.8.7",
      "license": "Apache-2.0",
      "dependencies": {
        "@firebase/component": "0.6.8",
        "@firebase/logger": "0.4.2",
        "@firebase/util": "1.9.7",
        "tslib": "^2.1.0"
      },
      "peerDependencies": {
        "@firebase/app": "0.x"
      }
    },
    "node_modules/@firebase/app-check-compat": {
      "version": "0.3.14",
      "license": "Apache-2.0",
      "dependencies": {
        "@firebase/app-check": "0.8.7",
        "@firebase/app-check-types": "0.5.2",
        "@firebase/component": "0.6.8",
        "@firebase/logger": "0.4.2",
        "@firebase/util": "1.9.7",
        "tslib": "^2.1.0"
      },
      "peerDependencies": {
        "@firebase/app-compat": "0.x"
      }
    },
    "node_modules/@firebase/app-check-interop-types": {
      "version": "0.3.2",
      "license": "Apache-2.0"
    },
    "node_modules/@firebase/app-check-types": {
      "version": "0.5.2",
      "license": "Apache-2.0"
    },
    "node_modules/@firebase/app-compat": {
      "version": "0.2.39",
      "license": "Apache-2.0",
      "dependencies": {
        "@firebase/app": "0.10.9",
        "@firebase/component": "0.6.8",
        "@firebase/logger": "0.4.2",
        "@firebase/util": "1.9.7",
        "tslib": "^2.1.0"
      }
    },
    "node_modules/@firebase/app-types": {
      "version": "0.9.2",
      "license": "Apache-2.0"
    },
    "node_modules/@firebase/auth": {
      "version": "1.7.7",
      "resolved": "https://registry.npmjs.org/@firebase/auth/-/auth-1.7.7.tgz",
      "integrity": "sha512-gMB0uRRNiIvYorEDLtIq1mc7x5D080EsoghTIph9xnbLqcQS3qRBREEC2o21nMEhviAeiGJMelRkKhAkkggjmA==",
      "dependencies": {
        "@firebase/component": "0.6.8",
        "@firebase/logger": "0.4.2",
        "@firebase/util": "1.9.7",
        "tslib": "^2.1.0",
        "undici": "5.28.4"
      },
      "peerDependencies": {
        "@firebase/app": "0.x",
        "@react-native-async-storage/async-storage": "^1.18.1"
      },
      "peerDependenciesMeta": {
        "@react-native-async-storage/async-storage": {
          "optional": true
        }
      }
    },
    "node_modules/@firebase/auth-compat": {
      "version": "0.5.12",
      "license": "Apache-2.0",
      "dependencies": {
        "@firebase/auth": "1.7.7",
        "@firebase/auth-types": "0.12.2",
        "@firebase/component": "0.6.8",
        "@firebase/util": "1.9.7",
        "tslib": "^2.1.0",
        "undici": "5.28.4"
      },
      "peerDependencies": {
        "@firebase/app-compat": "0.x"
      }
    },
    "node_modules/@firebase/auth-interop-types": {
      "version": "0.2.3",
      "license": "Apache-2.0"
    },
    "node_modules/@firebase/auth-types": {
      "version": "0.12.2",
      "license": "Apache-2.0",
      "peerDependencies": {
        "@firebase/app-types": "0.x",
        "@firebase/util": "1.x"
      }
    },
    "node_modules/@firebase/component": {
      "version": "0.6.8",
      "license": "Apache-2.0",
      "dependencies": {
        "@firebase/util": "1.9.7",
        "tslib": "^2.1.0"
      }
    },
    "node_modules/@firebase/database": {
      "version": "1.0.7",
      "license": "Apache-2.0",
      "dependencies": {
        "@firebase/app-check-interop-types": "0.3.2",
        "@firebase/auth-interop-types": "0.2.3",
        "@firebase/component": "0.6.8",
        "@firebase/logger": "0.4.2",
        "@firebase/util": "1.9.7",
        "faye-websocket": "0.11.4",
        "tslib": "^2.1.0"
      }
    },
    "node_modules/@firebase/database-compat": {
      "version": "1.0.7",
      "resolved": "https://registry.npmjs.org/@firebase/database-compat/-/database-compat-1.0.7.tgz",
      "integrity": "sha512-R/3B+VVzEFN5YcHmfWns3eitA8fHLTL03io+FIoMcTYkajFnrBdS3A+g/KceN9omP7FYYYGTQWF9lvbEx6eMEg==",
      "dependencies": {
        "@firebase/component": "0.6.8",
        "@firebase/database": "1.0.7",
        "@firebase/database-types": "1.0.4",
        "@firebase/logger": "0.4.2",
        "@firebase/util": "1.9.7",
        "tslib": "^2.1.0"
      }
    },
    "node_modules/@firebase/database-types": {
      "version": "1.0.4",
      "license": "Apache-2.0",
      "dependencies": {
        "@firebase/app-types": "0.9.2",
        "@firebase/util": "1.9.7"
      }
    },
    "node_modules/@firebase/firestore": {
      "version": "4.7.0",
      "resolved": "https://registry.npmjs.org/@firebase/firestore/-/firestore-4.7.0.tgz",
      "integrity": "sha512-wGOp84P1qa1pfpdct6lckfyowTuvIlUDHoiRcN8dFDT4WnZDh0tZW1X77SMiBUVejK8xIRLBCK3yDTejlRVrUA==",
      "dependencies": {
        "@firebase/component": "0.6.8",
        "@firebase/logger": "0.4.2",
        "@firebase/util": "1.9.7",
        "@firebase/webchannel-wrapper": "1.0.1",
        "@grpc/grpc-js": "~1.9.0",
        "@grpc/proto-loader": "^0.7.8",
        "tslib": "^2.1.0",
        "undici": "5.28.4"
      },
      "engines": {
        "node": ">=10.10.0"
      },
      "peerDependencies": {
        "@firebase/app": "0.x"
      }
    },
    "node_modules/@firebase/firestore-compat": {
      "version": "0.3.35",
      "license": "Apache-2.0",
      "dependencies": {
        "@firebase/component": "0.6.8",
        "@firebase/firestore": "4.7.0",
        "@firebase/firestore-types": "3.0.2",
        "@firebase/util": "1.9.7",
        "tslib": "^2.1.0"
      },
      "peerDependencies": {
        "@firebase/app-compat": "0.x"
      }
    },
    "node_modules/@firebase/firestore-types": {
      "version": "3.0.2",
      "license": "Apache-2.0",
      "peerDependencies": {
        "@firebase/app-types": "0.x",
        "@firebase/util": "1.x"
      }
    },
    "node_modules/@firebase/functions": {
      "version": "0.11.6",
      "license": "Apache-2.0",
      "dependencies": {
        "@firebase/app-check-interop-types": "0.3.2",
        "@firebase/auth-interop-types": "0.2.3",
        "@firebase/component": "0.6.8",
        "@firebase/messaging-interop-types": "0.2.2",
        "@firebase/util": "1.9.7",
        "tslib": "^2.1.0",
        "undici": "5.28.4"
      },
      "peerDependencies": {
        "@firebase/app": "0.x"
      }
    },
    "node_modules/@firebase/functions-compat": {
      "version": "0.3.12",
      "license": "Apache-2.0",
      "dependencies": {
        "@firebase/component": "0.6.8",
        "@firebase/functions": "0.11.6",
        "@firebase/functions-types": "0.6.2",
        "@firebase/util": "1.9.7",
        "tslib": "^2.1.0"
      },
      "peerDependencies": {
        "@firebase/app-compat": "0.x"
      }
    },
    "node_modules/@firebase/functions-types": {
      "version": "0.6.2",
      "license": "Apache-2.0"
    },
    "node_modules/@firebase/installations": {
      "version": "0.6.8",
      "license": "Apache-2.0",
      "dependencies": {
        "@firebase/component": "0.6.8",
        "@firebase/util": "1.9.7",
        "idb": "7.1.1",
        "tslib": "^2.1.0"
      },
      "peerDependencies": {
        "@firebase/app": "0.x"
      }
    },
    "node_modules/@firebase/installations-compat": {
      "version": "0.2.8",
      "license": "Apache-2.0",
      "dependencies": {
        "@firebase/component": "0.6.8",
        "@firebase/installations": "0.6.8",
        "@firebase/installations-types": "0.5.2",
        "@firebase/util": "1.9.7",
        "tslib": "^2.1.0"
      },
      "peerDependencies": {
        "@firebase/app-compat": "0.x"
      }
    },
    "node_modules/@firebase/installations-types": {
      "version": "0.5.2",
      "license": "Apache-2.0",
      "peerDependencies": {
        "@firebase/app-types": "0.x"
      }
    },
    "node_modules/@firebase/logger": {
      "version": "0.4.2",
      "license": "Apache-2.0",
      "dependencies": {
        "tslib": "^2.1.0"
      }
    },
    "node_modules/@firebase/messaging": {
      "version": "0.12.10",
      "license": "Apache-2.0",
      "dependencies": {
        "@firebase/component": "0.6.8",
        "@firebase/installations": "0.6.8",
        "@firebase/messaging-interop-types": "0.2.2",
        "@firebase/util": "1.9.7",
        "idb": "7.1.1",
        "tslib": "^2.1.0"
      },
      "peerDependencies": {
        "@firebase/app": "0.x"
      }
    },
    "node_modules/@firebase/messaging-compat": {
      "version": "0.2.10",
      "license": "Apache-2.0",
      "dependencies": {
        "@firebase/component": "0.6.8",
        "@firebase/messaging": "0.12.10",
        "@firebase/util": "1.9.7",
        "tslib": "^2.1.0"
      },
      "peerDependencies": {
        "@firebase/app-compat": "0.x"
      }
    },
    "node_modules/@firebase/messaging-interop-types": {
      "version": "0.2.2",
      "license": "Apache-2.0"
    },
    "node_modules/@firebase/performance": {
      "version": "0.6.8",
      "license": "Apache-2.0",
      "dependencies": {
        "@firebase/component": "0.6.8",
        "@firebase/installations": "0.6.8",
        "@firebase/logger": "0.4.2",
        "@firebase/util": "1.9.7",
        "tslib": "^2.1.0"
      },
      "peerDependencies": {
        "@firebase/app": "0.x"
      }
    },
    "node_modules/@firebase/performance-compat": {
      "version": "0.2.8",
      "license": "Apache-2.0",
      "dependencies": {
        "@firebase/component": "0.6.8",
        "@firebase/logger": "0.4.2",
        "@firebase/performance": "0.6.8",
        "@firebase/performance-types": "0.2.2",
        "@firebase/util": "1.9.7",
        "tslib": "^2.1.0"
      },
      "peerDependencies": {
        "@firebase/app-compat": "0.x"
      }
    },
    "node_modules/@firebase/performance-types": {
      "version": "0.2.2",
      "license": "Apache-2.0"
    },
    "node_modules/@firebase/remote-config": {
      "version": "0.4.8",
      "license": "Apache-2.0",
      "dependencies": {
        "@firebase/component": "0.6.8",
        "@firebase/installations": "0.6.8",
        "@firebase/logger": "0.4.2",
        "@firebase/util": "1.9.7",
        "tslib": "^2.1.0"
      },
      "peerDependencies": {
        "@firebase/app": "0.x"
      }
    },
    "node_modules/@firebase/remote-config-compat": {
      "version": "0.2.8",
      "license": "Apache-2.0",
      "dependencies": {
        "@firebase/component": "0.6.8",
        "@firebase/logger": "0.4.2",
        "@firebase/remote-config": "0.4.8",
        "@firebase/remote-config-types": "0.3.2",
        "@firebase/util": "1.9.7",
        "tslib": "^2.1.0"
      },
      "peerDependencies": {
        "@firebase/app-compat": "0.x"
      }
    },
    "node_modules/@firebase/remote-config-types": {
      "version": "0.3.2",
      "license": "Apache-2.0"
    },
    "node_modules/@firebase/storage": {
      "version": "0.13.0",
      "license": "Apache-2.0",
      "dependencies": {
        "@firebase/component": "0.6.8",
        "@firebase/util": "1.9.7",
        "tslib": "^2.1.0",
        "undici": "5.28.4"
      },
      "peerDependencies": {
        "@firebase/app": "0.x"
      }
    },
    "node_modules/@firebase/storage-compat": {
      "version": "0.3.10",
      "license": "Apache-2.0",
      "dependencies": {
        "@firebase/component": "0.6.8",
        "@firebase/storage": "0.13.0",
        "@firebase/storage-types": "0.8.2",
        "@firebase/util": "1.9.7",
        "tslib": "^2.1.0"
      },
      "peerDependencies": {
        "@firebase/app-compat": "0.x"
      }
    },
    "node_modules/@firebase/storage-types": {
      "version": "0.8.2",
      "license": "Apache-2.0",
      "peerDependencies": {
        "@firebase/app-types": "0.x",
        "@firebase/util": "1.x"
      }
    },
    "node_modules/@firebase/util": {
      "version": "1.9.7",
      "license": "Apache-2.0",
      "dependencies": {
        "tslib": "^2.1.0"
      }
    },
    "node_modules/@firebase/vertexai-preview": {
      "version": "0.0.3",
      "license": "Apache-2.0",
      "dependencies": {
        "@firebase/app-check-interop-types": "0.3.2",
        "@firebase/component": "0.6.8",
        "@firebase/logger": "0.4.2",
        "@firebase/util": "1.9.7",
        "tslib": "^2.1.0"
      },
      "engines": {
        "node": ">=18.0.0"
      },
      "peerDependencies": {
        "@firebase/app": "0.x",
        "@firebase/app-types": "0.x"
      }
    },
    "node_modules/@firebase/webchannel-wrapper": {
      "version": "1.0.1",
      "license": "Apache-2.0"
    },
    "node_modules/@grpc/grpc-js": {
      "version": "1.9.15",
      "license": "Apache-2.0",
      "dependencies": {
        "@grpc/proto-loader": "^0.7.8",
        "@types/node": ">=12.12.47"
      },
      "engines": {
        "node": "^8.13.0 || >=10.10.0"
      }
    },
    "node_modules/@grpc/proto-loader": {
      "version": "0.7.13",
      "license": "Apache-2.0",
      "dependencies": {
        "lodash.camelcase": "^4.3.0",
        "long": "^5.0.0",
        "protobufjs": "^7.2.5",
        "yargs": "^17.7.2"
      },
      "bin": {
        "proto-loader-gen-types": "build/bin/proto-loader-gen-types.js"
      },
      "engines": {
        "node": ">=6"
      }
    },
    "node_modules/@protobufjs/aspromise": {
      "version": "1.1.2",
      "license": "BSD-3-Clause"
    },
    "node_modules/@protobufjs/base64": {
      "version": "1.1.2",
      "license": "BSD-3-Clause"
    },
    "node_modules/@protobufjs/codegen": {
      "version": "2.0.4",
      "license": "BSD-3-Clause"
    },
    "node_modules/@protobufjs/eventemitter": {
      "version": "1.1.0",
      "license": "BSD-3-Clause"
    },
    "node_modules/@protobufjs/fetch": {
      "version": "1.1.0",
      "license": "BSD-3-Clause",
      "dependencies": {
        "@protobufjs/aspromise": "^1.1.1",
        "@protobufjs/inquire": "^1.1.0"
      }
    },
    "node_modules/@protobufjs/float": {
      "version": "1.0.2",
      "license": "BSD-3-Clause"
    },
    "node_modules/@protobufjs/inquire": {
      "version": "1.1.0",
      "license": "BSD-3-Clause"
    },
    "node_modules/@protobufjs/path": {
      "version": "1.1.2",
      "license": "BSD-3-Clause"
    },
    "node_modules/@protobufjs/pool": {
      "version": "1.1.0",
      "license": "BSD-3-Clause"
    },
    "node_modules/@protobufjs/utf8": {
      "version": "1.1.0",
      "license": "BSD-3-Clause"
    },
    "node_modules/@types/node": {
      "version": "22.5.0",
      "license": "MIT",
      "dependencies": {
        "undici-types": "~6.19.2"
      }
    },
    "node_modules/ansi-regex": {
      "version": "5.0.1",
      "license": "MIT",
      "engines": {
        "node": ">=8"
      }
    },
    "node_modules/ansi-styles": {
      "version": "4.3.0",
      "license": "MIT",
      "dependencies": {
        "color-convert": "^2.0.1"
      },
      "engines": {
        "node": ">=8"
      },
      "funding": {
        "url": "https://github.com/chalk/ansi-styles?sponsor=1"
      }
    },
    "node_modules/cliui": {
      "version": "8.0.1",
      "license": "ISC",
      "dependencies": {
        "string-width": "^4.2.0",
        "strip-ansi": "^6.0.1",
        "wrap-ansi": "^7.0.0"
      },
      "engines": {
        "node": ">=12"
      }
    },
    "node_modules/color-convert": {
      "version": "2.0.1",
      "license": "MIT",
      "dependencies": {
        "color-name": "~1.1.4"
      },
      "engines": {
        "node": ">=7.0.0"
      }
    },
    "node_modules/color-name": {
      "version": "1.1.4",
      "license": "MIT"
    },
    "node_modules/emoji-regex": {
      "version": "8.0.0",
      "license": "MIT"
    },
    "node_modules/escalade": {
      "version": "3.1.2",
      "license": "MIT",
      "engines": {
        "node": ">=6"
      }
    },
    "node_modules/faye-websocket": {
      "version": "0.11.4",
      "license": "Apache-2.0",
      "dependencies": {
        "websocket-driver": ">=0.5.1"
      },
      "engines": {
        "node": ">=0.8.0"
      }
    },
    "node_modules/firebase": {
      "version": "10.13.0",
      "resolved": "https://registry.npmjs.org/firebase/-/firebase-10.13.0.tgz",
      "integrity": "sha512-a8gm8c9CYO98QuXJn7m5W5Gj7kHV8fme81/mQ9dBs+VMz9uI5HdavnMVPXCILputpZFMFpiKK+u7VVsn5lQg+w==",
      "dependencies": {
        "@firebase/analytics": "0.10.7",
        "@firebase/analytics-compat": "0.2.13",
        "@firebase/app": "0.10.9",
        "@firebase/app-check": "0.8.7",
        "@firebase/app-check-compat": "0.3.14",
        "@firebase/app-compat": "0.2.39",
        "@firebase/app-types": "0.9.2",
        "@firebase/auth": "1.7.7",
        "@firebase/auth-compat": "0.5.12",
        "@firebase/database": "1.0.7",
        "@firebase/database-compat": "1.0.7",
        "@firebase/firestore": "4.7.0",
        "@firebase/firestore-compat": "0.3.35",
        "@firebase/functions": "0.11.6",
        "@firebase/functions-compat": "0.3.12",
        "@firebase/installations": "0.6.8",
        "@firebase/installations-compat": "0.2.8",
        "@firebase/messaging": "0.12.10",
        "@firebase/messaging-compat": "0.2.10",
        "@firebase/performance": "0.6.8",
        "@firebase/performance-compat": "0.2.8",
        "@firebase/remote-config": "0.4.8",
        "@firebase/remote-config-compat": "0.2.8",
        "@firebase/storage": "0.13.0",
        "@firebase/storage-compat": "0.3.10",
        "@firebase/util": "1.9.7",
        "@firebase/vertexai-preview": "0.0.3"
      }
    },
    "node_modules/get-caller-file": {
      "version": "2.0.5",
      "license": "ISC",
      "engines": {
        "node": "6.* || 8.* || >= 10.*"
      }
    },
    "node_modules/http-parser-js": {
      "version": "0.5.8",
      "license": "MIT"
    },
    "node_modules/idb": {
      "version": "7.1.1",
      "license": "ISC"
    },
    "node_modules/is-fullwidth-code-point": {
      "version": "3.0.0",
      "license": "MIT",
      "engines": {
        "node": ">=8"
      }
    },
    "node_modules/lodash.camelcase": {
      "version": "4.3.0",
      "license": "MIT"
    },
    "node_modules/long": {
      "version": "5.2.3",
      "license": "Apache-2.0"
    },
    "node_modules/protobufjs": {
      "version": "7.4.0",
      "hasInstallScript": true,
      "license": "BSD-3-Clause",
      "dependencies": {
        "@protobufjs/aspromise": "^1.1.2",
        "@protobufjs/base64": "^1.1.2",
        "@protobufjs/codegen": "^2.0.4",
        "@protobufjs/eventemitter": "^1.1.0",
        "@protobufjs/fetch": "^1.1.0",
        "@protobufjs/float": "^1.0.2",
        "@protobufjs/inquire": "^1.1.0",
        "@protobufjs/path": "^1.1.2",
        "@protobufjs/pool": "^1.1.0",
        "@protobufjs/utf8": "^1.1.0",
        "@types/node": ">=13.7.0",
        "long": "^5.0.0"
      },
      "engines": {
        "node": ">=12.0.0"
      }
    },
    "node_modules/require-directory": {
      "version": "2.1.1",
      "license": "MIT",
      "engines": {
        "node": ">=0.10.0"
      }
    },
    "node_modules/safe-buffer": {
      "version": "5.2.1",
      "funding": [
        {
          "type": "github",
          "url": "https://github.com/sponsors/feross"
        },
        {
          "type": "patreon",
          "url": "https://www.patreon.com/feross"
        },
        {
          "type": "consulting",
          "url": "https://feross.org/support"
        }
      ],
      "license": "MIT"
    },
    "node_modules/string-width": {
      "version": "4.2.3",
      "license": "MIT",
      "dependencies": {
        "emoji-regex": "^8.0.0",
        "is-fullwidth-code-point": "^3.0.0",
        "strip-ansi": "^6.0.1"
      },
      "engines": {
        "node": ">=8"
      }
    },
    "node_modules/strip-ansi": {
      "version": "6.0.1",
      "license": "MIT",
      "dependencies": {
        "ansi-regex": "^5.0.1"
      },
      "engines": {
        "node": ">=8"
      }
    },
    "node_modules/tslib": {
      "version": "2.7.0",
      "license": "0BSD"
    },
    "node_modules/undici": {
      "version": "5.28.4",
      "license": "MIT",
      "dependencies": {
        "@fastify/busboy": "^2.0.0"
      },
      "engines": {
        "node": ">=14.0"
      }
    },
    "node_modules/undici-types": {
      "version": "6.19.8",
      "license": "MIT"
    },
    "node_modules/websocket-driver": {
      "version": "0.7.4",
      "license": "Apache-2.0",
      "dependencies": {
        "http-parser-js": ">=0.5.1",
        "safe-buffer": ">=5.1.0",
        "websocket-extensions": ">=0.1.1"
      },
      "engines": {
        "node": ">=0.8.0"
      }
    },
    "node_modules/websocket-extensions": {
      "version": "0.1.4",
      "license": "Apache-2.0",
      "engines": {
        "node": ">=0.8.0"
      }
    },
    "node_modules/wrap-ansi": {
      "version": "7.0.0",
      "license": "MIT",
      "dependencies": {
        "ansi-styles": "^4.0.0",
        "string-width": "^4.1.0",
        "strip-ansi": "^6.0.0"
      },
      "engines": {
        "node": ">=10"
      },
      "funding": {
        "url": "https://github.com/chalk/wrap-ansi?sponsor=1"
      }
    },
    "node_modules/y18n": {
      "version": "5.0.8",
      "license": "ISC",
      "engines": {
        "node": ">=10"
      }
    },
    "node_modules/yargs": {
      "version": "17.7.2",
      "license": "MIT",
      "dependencies": {
        "cliui": "^8.0.1",
        "escalade": "^3.1.1",
        "get-caller-file": "^2.0.5",
        "require-directory": "^2.1.1",
        "string-width": "^4.2.3",
        "y18n": "^5.0.5",
        "yargs-parser": "^21.1.1"
      },
      "engines": {
        "node": ">=12"
      }
    },
    "node_modules/yargs-parser": {
      "version": "21.1.1",
      "license": "ISC",
      "engines": {
        "node": ">=12"
      }
    }
  }
}
